
Microsoft Visual Studio Solution File, Format Version 12.00
Project("{FAE04EC0-301F-11D3-BF4B-00C04F79EFBC}") = "KeyManager.Web", "KeyManager.Web\KeyManager.Web.csproj", "{67B88710-3512-48EB-B7CC-1886CD2820B2}"
EndProject
Project("{2150E333-8FDC-42A3-9474-1A3956D46DE8}") = "Products", "Products", "{2D833C0A-BB29-4106-950A-5114160F2E7B}"
EndProject
Project("{FAE04EC0-301F-11D3-BF4B-00C04F79EFBC}") = "Products.Domain", "Products\Products.Domain\Products.Domain.csproj", "{856A5999-71CE-4587-82D4-2605B63135B5}"
EndProject
Project("{FAE04EC0-301F-11D3-BF4B-00C04F79EFBC}") = "Products.Contracts", "Products\Products.Contracts\Products.Contracts.csproj", "{894114C2-DD02-49E8-9865-2E2D6322C43C}"
EndProject
Project("{FAE04EC0-301F-11D3-BF4B-00C04F79EFBC}") = "Products.Core", "Products\Products.Core\Products.Core.csproj", "{35578655-E641-43F9-BB96-3DAD1DC1DFEA}"
EndProject
Project("{FAE04EC0-301F-11D3-BF4B-00C04F79EFBC}") = "Products.Infrastructure.Postgres", "Products\Products.Infrastructure.Postgres\Products.Infrastructure.Postgres.csproj", "{F8E88A91-E70A-4A72-A77D-CF9F4BEFC5C5}"
EndProject
Project("{FAE04EC0-301F-11D3-BF4B-00C04F79EFBC}") = "Products.DependencyInjection", "Products\Products.DependencyInjection\Products.DependencyInjection.csproj", "{776CF687-991F-4D5F-ABAB-D013707C993F}"
EndProject
Project("{2150E333-8FDC-42A3-9474-1A3956D46DE8}") = "Solution Items", "Solution Items", "{24E14F71-D795-4C11-9BB3-E73A32903AD0}"
	ProjectSection(SolutionItems) = preProject
		Directory.Build.props = Directory.Build.props
		Directory.Packages.props = Directory.Packages.props
		.editorconfig = .editorconfig
	EndProjectSection
EndProject
Project("{2150E333-8FDC-42A3-9474-1A3956D46DE8}") = "Keys", "Keys", "{2A97C5C5-2E75-4384-8054-00738404245F}"
EndProject
Project("{2150E333-8FDC-42A3-9474-1A3956D46DE8}") = "Globals", "Globals", "{FE523AA0-7D80-43B8-BD28-4867B5EC1EFF}"
EndProject
Project("{FAE04EC0-301F-11D3-BF4B-00C04F79EFBC}") = "Keys.Contracts", "Keys\Keys.Contracts\Keys.Contracts.csproj", "{EFA0BE45-36F5-49C6-9C44-FA72A85DA46B}"
EndProject
Global
	GlobalSection(SolutionConfigurationPlatforms) = preSolution
		Debug|Any CPU = Debug|Any CPU
		Release|Any CPU = Release|Any CPU
	EndGlobalSection
	GlobalSection(ProjectConfigurationPlatforms) = postSolution
		{67B88710-3512-48EB-B7CC-1886CD2820B2}.Debug|Any CPU.ActiveCfg = Debug|Any CPU
		{67B88710-3512-48EB-B7CC-1886CD2820B2}.Debug|Any CPU.Build.0 = Debug|Any CPU
		{67B88710-3512-48EB-B7CC-1886CD2820B2}.Release|Any CPU.ActiveCfg = Release|Any CPU
		{67B88710-3512-48EB-B7CC-1886CD2820B2}.Release|Any CPU.Build.0 = Release|Any CPU
		{856A5999-71CE-4587-82D4-2605B63135B5}.Debug|Any CPU.ActiveCfg = Debug|Any CPU
		{856A5999-71CE-4587-82D4-2605B63135B5}.Debug|Any CPU.Build.0 = Debug|Any CPU
		{856A5999-71CE-4587-82D4-2605B63135B5}.Release|Any CPU.ActiveCfg = Release|Any CPU
		{856A5999-71CE-4587-82D4-2605B63135B5}.Release|Any CPU.Build.0 = Release|Any CPU
		{894114C2-DD02-49E8-9865-2E2D6322C43C}.Debug|Any CPU.ActiveCfg = Debug|Any CPU
		{894114C2-DD02-49E8-9865-2E2D6322C43C}.Debug|Any CPU.Build.0 = Debug|Any CPU
		{894114C2-DD02-49E8-9865-2E2D6322C43C}.Release|Any CPU.ActiveCfg = Release|Any CPU
		{894114C2-DD02-49E8-9865-2E2D6322C43C}.Release|Any CPU.Build.0 = Release|Any CPU
		{35578655-E641-43F9-BB96-3DAD1DC1DFEA}.Debug|Any CPU.ActiveCfg = Debug|Any CPU
		{35578655-E641-43F9-BB96-3DAD1DC1DFEA}.Debug|Any CPU.Build.0 = Debug|Any CPU
		{35578655-E641-43F9-BB96-3DAD1DC1DFEA}.Release|Any CPU.ActiveCfg = Release|Any CPU
		{35578655-E641-43F9-BB96-3DAD1DC1DFEA}.Release|Any CPU.Build.0 = Release|Any CPU
		{F8E88A91-E70A-4A72-A77D-CF9F4BEFC5C5}.Debug|Any CPU.ActiveCfg = Debug|Any CPU
		{F8E88A91-E70A-4A72-A77D-CF9F4BEFC5C5}.Debug|Any CPU.Build.0 = Debug|Any CPU
		{F8E88A91-E70A-4A72-A77D-CF9F4BEFC5C5}.Release|Any CPU.ActiveCfg = Release|Any CPU
		{F8E88A91-E70A-4A72-A77D-CF9F4BEFC5C5}.Release|Any CPU.Build.0 = Release|Any CPU
		{776CF687-991F-4D5F-ABAB-D013707C993F}.Debug|Any CPU.ActiveCfg = Debug|Any CPU
		{776CF687-991F-4D5F-ABAB-D013707C993F}.Debug|Any CPU.Build.0 = Debug|Any CPU
		{776CF687-991F-4D5F-ABAB-D013707C993F}.Release|Any CPU.ActiveCfg = Release|Any CPU
		{776CF687-991F-4D5F-ABAB-D013707C993F}.Release|Any CPU.Build.0 = Release|Any CPU
		{EFA0BE45-36F5-49C6-9C44-FA72A85DA46B}.Debug|Any CPU.ActiveCfg = Debug|Any CPU
		{EFA0BE45-36F5-49C6-9C44-FA72A85DA46B}.Debug|Any CPU.Build.0 = Debug|Any CPU
		{EFA0BE45-36F5-49C6-9C44-FA72A85DA46B}.Release|Any CPU.ActiveCfg = Release|Any CPU
		{EFA0BE45-36F5-49C6-9C44-FA72A85DA46B}.Release|Any CPU.Build.0 = Release|Any CPU
	EndGlobalSection
	GlobalSection(NestedProjects) = preSolution
		{856A5999-71CE-4587-82D4-2605B63135B5} = {2D833C0A-BB29-4106-950A-5114160F2E7B}
		{894114C2-DD02-49E8-9865-2E2D6322C43C} = {2D833C0A-BB29-4106-950A-5114160F2E7B}
		{35578655-E641-43F9-BB96-3DAD1DC1DFEA} = {2D833C0A-BB29-4106-950A-5114160F2E7B}
		{F8E88A91-E70A-4A72-A77D-CF9F4BEFC5C5} = {2D833C0A-BB29-4106-950A-5114160F2E7B}
		{776CF687-991F-4D5F-ABAB-D013707C993F} = {2D833C0A-BB29-4106-950A-5114160F2E7B}
		{EFA0BE45-36F5-49C6-9C44-FA72A85DA46B} = {2A97C5C5-2E75-4384-8054-00738404245F}
	EndGlobalSection
EndGlobal
